
Microsoft Visual Studio Solution File, Format Version 12.00
# Visual Studio Version 17
VisualStudioVersion = 17.6.33712.159
MinimumVisualStudioVersion = 10.0.40219.1
Project("{FAE04EC0-301F-11D3-BF4B-00C04F79EFBC}") = "OtelOtomasyonu", "OtelOtomasyonu\OtelOtomasyonu.csproj", "{0CDA2617-3A24-407E-BC25-1BBA3364048D}"
EndProject
Global
	GlobalSection(SolutionConfigurationPlatforms) = preSolution
		Debug|Any CPU = Debug|Any CPU
		Release|Any CPU = Release|Any CPU
	EndGlobalSection
	GlobalSection(ProjectConfigurationPlatforms) = postSolution
		{0CDA2617-3A24-407E-BC25-1BBA3364048D}.Debug|Any CPU.ActiveCfg = Debug|Any CPU
		{0CDA2617-3A24-407E-BC25-1BBA3364048D}.Debug|Any CPU.Build.0 = Debug|Any CPU
		{0CDA2617-3A24-407E-BC25-1BBA3364048D}.Release|Any CPU.ActiveCfg = Release|Any CPU
		{0CDA2617-3A24-407E-BC25-1BBA3364048D}.Release|Any CPU.Build.0 = Release|Any CPU
	EndGlobalSection
	GlobalSection(SolutionProperties) = preSolution
		HideSolutionNode = FALSE
	EndGlobalSection
	GlobalSection(ExtensibilityGlobals) = postSolution
		SolutionGuid = {5BF9DD07-8A84-40CB-AB2D-ADC55EEC8254}
	EndGlobalSection
EndGlobal
